
Microsoft Visual Studio Solution File, Format Version 12.00
# Visual Studio Version 18
VisualStudioVersion = 18.10.12217.157
MinimumVisualStudioVersion = 10.0.40219.1
Project("{FAE04EC0-301F-11D3-BF4B-00C04F79EFBC}") = "ValueTypesAndReferenceTypes", "ValueTypesAndReferenceTypes\ValueTypesAndReferenceTypes.csproj", "{FD0D3EC5-D760-4D1A-B1FD-72D1D6352AE6}"
EndProject
Project("{FAE04EC0-301F-11D3-BF4B-00C04F79EFBC}") = "BoxingAndUnboxing", "BoxingAndUnboxing\BoxingAndUnboxing.csproj", "{7CC31219-B7BC-4210-B269-044A903324E1}"
EndProject
Project("{FAE04EC0-301F-11D3-BF4B-00C04F79EFBC}") = "Collections", "Collections\Collections.csproj", "{EA54F1AE-02B0-886B-00D8-57B8707E67DA}"
EndProject
Project("{FAE04EC0-301F-11D3-BF4B-00C04F79EFBC}") = "loops", "loops\loops.csproj", "{E770490C-0E59-4BFC-873C-646A9D9ECB1E}"
EndProject
Project("{FAE04EC0-301F-11D3-BF4B-00C04F79EFBC}") = "Exceptions", "Exceptions\Exceptions.csproj", "{4DDEB803-AE9C-4B51-94DF-DC144014E609}"
EndProject
Project("{FAE04EC0-301F-11D3-BF4B-00C04F79EFBC}") = "MultiThreading", "MultiThreading\MultiThreading.csproj", "{0A9B0104-4944-4F45-8BB3-5C119B26307B}"
EndProject
Project("{FAE04EC0-301F-11D3-BF4B-00C04F79EFBC}") = "ReadingAndWritingFiles", "ReadingAndWritingFiles\ReadingAndWritingFiles.csproj", "{D5532776-DFA6-4E6A-BB2F-3C4DF694A710}"
EndProject
Global
	GlobalSection(SolutionConfigurationPlatforms) = preSolution
		Debug|Any CPU = Debug|Any CPU
		Release|Any CPU = Release|Any CPU
	EndGlobalSection
	GlobalSection(ProjectConfigurationPlatforms) = postSolution
		{FD0D3EC5-D760-4D1A-B1FD-72D1D6352AE6}.Debug|Any CPU.ActiveCfg = Debug|Any CPU
		{FD0D3EC5-D760-4D1A-B1FD-72D1D6352AE6}.Debug|Any CPU.Build.0 = Debug|Any CPU
		{FD0D3EC5-D760-4D1A-B1FD-72D1D6352AE6}.Release|Any CPU.ActiveCfg = Release|Any CPU
		{FD0D3EC5-D760-4D1A-B1FD-72D1D6352AE6}.Release|Any CPU.Build.0 = Release|Any CPU
		{7CC31219-B7BC-4210-B269-044A903324E1}.Debug|Any CPU.ActiveCfg = Debug|Any CPU
		{7CC31219-B7BC-4210-B269-044A903324E1}.Debug|Any CPU.Build.0 = Debug|Any CPU
		{7CC31219-B7BC-4210-B269-044A903324E1}.Release|Any CPU.ActiveCfg = Release|Any CPU
		{7CC31219-B7BC-4210-B269-044A903324E1}.Release|Any CPU.Build.0 = Release|Any CPU
		{EA54F1AE-02B0-886B-00D8-57B8707E67DA}.Debug|Any CPU.ActiveCfg = Debug|Any CPU
		{EA54F1AE-02B0-886B-00D8-57B8707E67DA}.Debug|Any CPU.Build.0 = Debug|Any CPU
		{EA54F1AE-02B0-886B-00D8-57B8707E67DA}.Release|Any CPU.ActiveCfg = Release|Any CPU
		{EA54F1AE-02B0-886B-00D8-57B8707E67DA}.Release|Any CPU.Build.0 = Release|Any CPU
		{E770490C-0E59-4BFC-873C-646A9D9ECB1E}.Debug|Any CPU.ActiveCfg = Debug|Any CPU
		{E770490C-0E59-4BFC-873C-646A9D9ECB1E}.Debug|Any CPU.Build.0 = Debug|Any CPU
		{E770490C-0E59-4BFC-873C-646A9D9ECB1E}.Release|Any CPU.ActiveCfg = Release|Any CPU
		{E770490C-0E59-4BFC-873C-646A9D9ECB1E}.Release|Any CPU.Build.0 = Release|Any CPU
		{4DDEB803-AE9C-4B51-94DF-DC144014E609}.Debug|Any CPU.ActiveCfg = Debug|Any CPU
		{4DDEB803-AE9C-4B51-94DF-DC144014E609}.Debug|Any CPU.Build.0 = Debug|Any CPU
		{4DDEB803-AE9C-4B51-94DF-DC144014E609}.Release|Any CPU.ActiveCfg = Release|Any CPU
		{4DDEB803-AE9C-4B51-94DF-DC144014E609}.Release|Any CPU.Build.0 = Release|Any CPU
		{0A9B0104-4944-4F45-8BB3-5C119B26307B}.Debug|Any CPU.ActiveCfg = Debug|Any CPU
		{0A9B0104-4944-4F45-8BB3-5C119B26307B}.Debug|Any CPU.Build.0 = Debug|Any CPU
		{0A9B0104-4944-4F45-8BB3-5C119B26307B}.Release|Any CPU.ActiveCfg = Release|Any CPU
		{0A9B0104-4944-4F45-8BB3-5C119B26307B}.Release|Any CPU.Build.0 = Release|Any CPU
		{D5532776-DFA6-4E6A-BB2F-3C4DF694A710}.Debug|Any CPU.ActiveCfg = Debug|Any CPU
		{D5532776-DFA6-4E6A-BB2F-3C4DF694A710}.Debug|Any CPU.Build.0 = Debug|Any CPU
		{D5532776-DFA6-4E6A-BB2F-3C4DF694A710}.Release|Any CPU.ActiveCfg = Release|Any CPU
		{D5532776-DFA6-4E6A-BB2F-3C4DF694A710}.Release|Any CPU.Build.0 = Release|Any CPU
	EndGlobalSection
	GlobalSection(SolutionProperties) = preSolution
		HideSolutionNode = FALSE
	EndGlobalSection
	GlobalSection(ExtensibilityGlobals) = postSolution
		SolutionGuid = {7B3E78AE-360B-4805-A341-21515EA63238}
	EndGlobalSection
EndGlobal
